
Microsoft Visual Studio Solution File, Format Version 12.00
# Visual Studio Version 17
VisualStudioVersion = 17.3.32922.545
MinimumVisualStudioVersion = 10.0.40219.1
Project("{FAE04EC0-301F-11D3-BF4B-00C04F79EFBC}") = "Q1", "Worksheet1\Q1.csproj", "{32750949-B154-4B2B-8937-4469FDFB5D9F}"
EndProject
Project("{FAE04EC0-301F-11D3-BF4B-00C04F79EFBC}") = "Q2", "Q2\Q2.csproj", "{B110A55B-5A93-4AA3-8451-209716007361}"
EndProject
Project("{FAE04EC0-301F-11D3-BF4B-00C04F79EFBC}") = "Q3", "Q3\Q3.csproj", "{11F9A2DD-76F5-410D-AAC0-B206D66091A6}"
EndProject
Global
	GlobalSection(SolutionConfigurationPlatforms) = preSolution
		Debug|Any CPU = Debug|Any CPU
		Release|Any CPU = Release|Any CPU
	EndGlobalSection
	GlobalSection(ProjectConfigurationPlatforms) = postSolution
		{32750949-B154-4B2B-8937-4469FDFB5D9F}.Debug|Any CPU.ActiveCfg = Debug|Any CPU
		{32750949-B154-4B2B-8937-4469FDFB5D9F}.Debug|Any CPU.Build.0 = Debug|Any CPU
		{32750949-B154-4B2B-8937-4469FDFB5D9F}.Release|Any CPU.ActiveCfg = Release|Any CPU
		{32750949-B154-4B2B-8937-4469FDFB5D9F}.Release|Any CPU.Build.0 = Release|Any CPU
		{B110A55B-5A93-4AA3-8451-209716007361}.Debug|Any CPU.ActiveCfg = Debug|Any CPU
		{B110A55B-5A93-4AA3-8451-209716007361}.Debug|Any CPU.Build.0 = Debug|Any CPU
		{B110A55B-5A93-4AA3-8451-209716007361}.Release|Any CPU.ActiveCfg = Release|Any CPU
		{B110A55B-5A93-4AA3-8451-209716007361}.Release|Any CPU.Build.0 = Release|Any CPU
		{11F9A2DD-76F5-410D-AAC0-B206D66091A6}.Debug|Any CPU.ActiveCfg = Debug|Any CPU
		{11F9A2DD-76F5-410D-AAC0-B206D66091A6}.Debug|Any CPU.Build.0 = Debug|Any CPU
		{11F9A2DD-76F5-410D-AAC0-B206D66091A6}.Release|Any CPU.ActiveCfg = Release|Any CPU
		{11F9A2DD-76F5-410D-AAC0-B206D66091A6}.Release|Any CPU.Build.0 = Release|Any CPU
	EndGlobalSection
	GlobalSection(SolutionProperties) = preSolution
		HideSolutionNode = FALSE
	EndGlobalSection
	GlobalSection(ExtensibilityGlobals) = postSolution
		SolutionGuid = {A0DB3738-2578-478C-AC1D-DF6DB69DCE13}
	EndGlobalSection
EndGlobal
